PODS:
  - bottom_ani_nav_bar (0.0.1):
    - Flutter
  - Flutter (1.0.0)

DEPENDENCIES:
  - bottom_ani_nav_bar (from `.symlinks/plugins/bottom_ani_nav_bar/ios`)
  - Flutter (from `Flutter`)

EXTERNAL SOURCES:
  bottom_ani_nav_bar:
    :path: ".symlinks/plugins/bottom_ani_nav_bar/ios"
  Flutter:
    :path: Flutter

SPEC CHECKSUMS:
  bottom_ani_nav_bar: 406f5a85e8d997452568fb61b30d86c4d8fcc16e
  Flutter: 0e3d915762c693b495b44d77113d4970485de6ec

PODFILE CHECKSUM: 083258d7f5e80b42ea9bfee905fe93049bc04c64

COCOAPODS: 1.8.4
